
Microsoft Visual Studio Solution File, Format Version 12.00
# Visual Studio 15
VisualStudioVersion = 15.0.28307.489
MinimumVisualStudioVersion = 10.0.40219.1
Project("{8BC9CEB8-8B4A-11D0-8D11-00A0C91BC942}") = "顺序栈", "顺序栈\顺序栈.vcxproj", "{53D3F79F-6920-4F16-B1D2-B91D133CBE5F}"
EndProject
Global
	GlobalSection(SolutionConfigurationPlatforms) = preSolution
		Debug|x64 = Debug|x64
		Debug|x86 = Debug|x86
		Release|x64 = Release|x64
		Release|x86 = Release|x86
	EndGlobalSection
	GlobalSection(ProjectConfigurationPlatforms) = postSolution
		{53D3F79F-6920-4F16-B1D2-B91D133CBE5F}.Debug|x64.ActiveCfg = Debug|x64
		{53D3F79F-6920-4F16-B1D2-B91D133CBE5F}.Debug|x64.Build.0 = Debug|x64
		{53D3F79F-6920-4F16-B1D2-B91D133CBE5F}.Debug|x86.ActiveCfg = Debug|Win32
		{53D3F79F-6920-4F16-B1D2-B91D133CBE5F}.Debug|x86.Build.0 = Debug|Win32
		{53D3F79F-6920-4F16-B1D2-B91D133CBE5F}.Release|x64.ActiveCfg = Release|x64
		{53D3F79F-6920-4F16-B1D2-B91D133CBE5F}.Release|x64.Build.0 = Release|x64
		{53D3F79F-6920-4F16-B1D2-B91D133CBE5F}.Release|x86.ActiveCfg = Release|Win32
		{53D3F79F-6920-4F16-B1D2-B91D133CBE5F}.Release|x86.Build.0 = Release|Win32
	EndGlobalSection
	GlobalSection(SolutionProperties) = preSolution
		HideSolutionNode = FALSE
	EndGlobalSection
	GlobalSection(ExtensibilityGlobals) = postSolution
		SolutionGuid = {195D229F-D9DB-45A9-B8C5-DB1A1A5A01C1}
	EndGlobalSection
EndGlobal
