
Microsoft Visual Studio Solution File, Format Version 12.00
# Visual Studio 15
VisualStudioVersion = 15.0.28307.489
MinimumVisualStudioVersion = 10.0.40219.1
Project("{8BC9CEB8-8B4A-11D0-8D11-00A0C91BC942}") = "链表", "链表\链表.vcxproj", "{10F619B8-C0E0-40C5-BC15-2F56541189C2}"
EndProject
Global
	GlobalSection(SolutionConfigurationPlatforms) = preSolution
		Debug|x64 = Debug|x64
		Debug|x86 = Debug|x86
		Release|x64 = Release|x64
		Release|x86 = Release|x86
	EndGlobalSection
	GlobalSection(ProjectConfigurationPlatforms) = postSolution
		{10F619B8-C0E0-40C5-BC15-2F56541189C2}.Debug|x64.ActiveCfg = Debug|x64
		{10F619B8-C0E0-40C5-BC15-2F56541189C2}.Debug|x64.Build.0 = Debug|x64
		{10F619B8-C0E0-40C5-BC15-2F56541189C2}.Debug|x86.ActiveCfg = Debug|Win32
		{10F619B8-C0E0-40C5-BC15-2F56541189C2}.Debug|x86.Build.0 = Debug|Win32
		{10F619B8-C0E0-40C5-BC15-2F56541189C2}.Release|x64.ActiveCfg = Release|x64
		{10F619B8-C0E0-40C5-BC15-2F56541189C2}.Release|x64.Build.0 = Release|x64
		{10F619B8-C0E0-40C5-BC15-2F56541189C2}.Release|x86.ActiveCfg = Release|Win32
		{10F619B8-C0E0-40C5-BC15-2F56541189C2}.Release|x86.Build.0 = Release|Win32
	EndGlobalSection
	GlobalSection(SolutionProperties) = preSolution
		HideSolutionNode = FALSE
	EndGlobalSection
	GlobalSection(ExtensibilityGlobals) = postSolution
		SolutionGuid = {18ED3E2F-C4D0-43C0-BBC5-B25D0C6D16D7}
	EndGlobalSection
EndGlobal
